# THIS IS AN AUTOGENERATED FILE. DO NOT EDIT THIS FILE DIRECTLY.
# yarn lockfile v1


"@docmentis/udoc-viewer@0.7.9":
  version "0.7.9"
  resolved "https://registry.yarnpkg.com/@docmentis/udoc-viewer/-/udoc-viewer-0.7.9.tgz#f2721cc864556d8b9bea56b89bd1f82cd899c1f2"
  integrity sha512-GwVW3jps7+B6vKSEJieV1XIEwgAntXGoiE7ejOJ3F4/HYgnaW3hzrOxNzSq2mEq/Fl/qTOfrpLDWWv2wo6bp8w==

"@js-joda/core@3.2.0":
  version "3.2.0"
  resolved "https://registry.yarnpkg.com/@js-joda/core/-/core-3.2.0.tgz#3e61e21b7b2b8a6be746df1335cf91d70db2a273"
  integrity sha512-PMqgJ0sw5B7FKb2d5bWYIoxjri+QlW/Pys7+Rw82jSH0QN3rB05jZ/VrrsUdh1w4+i2kw9JOejXGq/KhDOX7Kg==

uuid@9.0.0:
  version "9.0.0"
  resolved "https://registry.yarnpkg.com/uuid/-/uuid-9.0.0.tgz#592f550650024a38ceb0c562f2f6aa435761efb5"
  integrity sha512-MXcSTerfPa4uqyzStbRoTgt5XIe3x5+42+q1sDuy3R5MDk66URdLMOZe5aPX/SQd+kuYAh0FdP/pO28IkQyTeg==

vosk-browser@0.0.8:
  version "0.0.8"
  resolved "https://registry.yarnpkg.com/vosk-browser/-/vosk-browser-0.0.8.tgz#03b32e0e6a4c2dc5e9062fc0146f0cf58f5f21ea"
  integrity sha512-df9MuChirUGKxP/+4k8tBV6hJOic8IRdJXv64+ET0Ue5CddOzLZINiHOWCka765gBzHJWNtQKgaYakS0FXZIJA==
  dependencies:
    uuid "9.0.0"
